
Microsoft Visual Studio Solution File, Format Version 12.00
# Visual Studio 15
VisualStudioVersion = 15.0.28307.168
MinimumVisualStudioVersion = 10.0.40219.1
Project("{9A19103F-16F7-4668-BE54-9A1E7A4F7556}") = "Web", "Web.csproj", "{D294452F-1457-47D4-8881-BEF046125A05}"
EndProject
Global
	GlobalSection(SolutionConfigurationPlatforms) = preSolution
		Debug|Any CPU = Debug|Any CPU
		Release|Any CPU = Release|Any CPU
	EndGlobalSection
	GlobalSection(ProjectConfigurationPlatforms) = postSolution
		{D294452F-1457-47D4-8881-BEF046125A05}.Debug|Any CPU.ActiveCfg = Debug|Any CPU
		{D294452F-1457-47D4-8881-BEF046125A05}.Debug|Any CPU.Build.0 = Debug|Any CPU
		{D294452F-1457-47D4-8881-BEF046125A05}.Release|Any CPU.ActiveCfg = Release|Any CPU
		{D294452F-1457-47D4-8881-BEF046125A05}.Release|Any CPU.Build.0 = Release|Any CPU
	EndGlobalSection
	GlobalSection(SolutionProperties) = preSolution
		HideSolutionNode = FALSE
	EndGlobalSection
	GlobalSection(ExtensibilityGlobals) = postSolution
		SolutionGuid = {A8A3AE4D-65A0-4069-96D9-EA0705CEDFE3}
	EndGlobalSection
EndGlobal
